
Microsoft Visual Studio Solution File, Format Version 11.00
# Visual Studio 2010
Project("{2150E333-8FDC-42A3-9474-1A3956D46DE8}") = "Plugins", "Plugins", "{B4F98D0C-2EB6-40DB-9B3C-C721B53B7E17}"
EndProject
Project("{2150E333-8FDC-42A3-9474-1A3956D46DE8}") = "Core", "Core", "{017F54F2-C79A-41F4-8F32-992EC67BBFA0}"
EndProject
Project("{2150E333-8FDC-42A3-9474-1A3956D46DE8}") = "Tools", "Tools", "{6261B863-0BE9-45F6-8992-FFC2469B689F}"
EndProject
Project("{2150E333-8FDC-42A3-9474-1A3956D46DE8}") = "Server", "Server", "{0869D6EC-2F2C-498C-8B58-AC280A7A4D48}"
EndProject
Project("{2150E333-8FDC-42A3-9474-1A3956D46DE8}") = "DofusProtocol", "DofusProtocol", "{EC9DBA18-85FF-4B01-947F-11001EEDFBA6}"
EndProject
Project("{FAE04EC0-301F-11D3-BF4B-00C04F79EFBC}") = "Stump.Plugins.DefaultPlugin", "Plugins\Stump.Plugins.DefaultPlugin\Stump.Plugins.DefaultPlugin.csproj", "{32609B25-5E15-4B60-887F-0A4B95455F2A}"
EndProject
Project("{FAE04EC0-301F-11D3-BF4B-00C04F79EFBC}") = "Stump.Plugins.Messenger", "Plugins\Stump.Plugins.Messenger\Stump.Plugins.Messenger.csproj", "{FD69B306-B8A7-4577-AB5E-3888E94D87F9}"
EndProject
Project("{FAE04EC0-301F-11D3-BF4B-00C04F79EFBC}") = "Stump.Plugins.IRC", "Plugins\Stump.Plugins.IRC\Stump.Plugins.IRC.csproj", "{A96733AC-0307-43DD-AD5E-0F47DC917B46}"
EndProject
Project("{FAE04EC0-301F-11D3-BF4B-00C04F79EFBC}") = "Stump.Plugins.DebugPlugin", "Plugins\Stump.Plugins.DebugPlugin\Stump.Plugins.DebugPlugin.csproj", "{0F454E97-B01B-4A02-84A4-8C53F7B185E7}"
EndProject
Project("{FAE04EC0-301F-11D3-BF4B-00C04F79EFBC}") = "Stump.DofusProtocol.Types", "DofusProtocol\Types\Stump.DofusProtocol.Types.csproj", "{10884165-D492-4895-B3EF-32429F7A7F55}"
EndProject
Project("{FAE04EC0-301F-11D3-BF4B-00C04F79EFBC}") = "Stump.DofusProtocol.Enums", "DofusProtocol\Enums\Stump.DofusProtocol.Enums.csproj", "{D7BFF8ED-065B-4A53-9805-595DFEA75A0A}"
EndProject
Project("{FAE04EC0-301F-11D3-BF4B-00C04F79EFBC}") = "Stump.DofusProtocol.Messages", "DofusProtocol\Messages\Stump.DofusProtocol.Messages.csproj", "{53092D2E-8F37-4889-B6B7-B359E093E3F4}"
EndProject
Project("{FAE04EC0-301F-11D3-BF4B-00C04F79EFBC}") = "Stump.Server.BaseServer", "Server\Stump.Server.BaseServer\Stump.Server.BaseServer.csproj", "{011FBAFC-7720-4D36-9C59-71BAE6163C9E}"
EndProject
Project("{FAE04EC0-301F-11D3-BF4B-00C04F79EFBC}") = "Stump.Server.AuthServer", "Server\Stump.Server.AuthServer\Stump.Server.AuthServer.csproj", "{B838009E-BE0A-463F-A814-73EBF3663785}"
EndProject
Project("{FAE04EC0-301F-11D3-BF4B-00C04F79EFBC}") = "Stump.Server.WorldServer", "Server\Stump.Server.WorldServer\Stump.Server.WorldServer.csproj", "{7A1BEAB5-1A69-48B6-B064-0F6F372AC23B}"
EndProject
Project("{FAE04EC0-301F-11D3-BF4B-00C04F79EFBC}") = "Stump.Core", "Core\Stump.Core\Stump.Core.csproj", "{8AC12413-BD4F-4C35-B61A-5E5894D33AFB}"
EndProject
Project("{2150E333-8FDC-42A3-9474-1A3956D46DE8}") = "GUI", "GUI", "{455857F1-1A1E-436E-9CB9-DDCF3CD5A6D7}"
EndProject
Project("{FAE04EC0-301F-11D3-BF4B-00C04F79EFBC}") = "Stump.GUI.AuthConsole", "GUI\Stump.GUI.AuthConsole\Stump.GUI.AuthConsole.csproj", "{73FB2A1D-2036-489D-B23A-B606BB70D4F2}"
EndProject
Project("{FAE04EC0-301F-11D3-BF4B-00C04F79EFBC}") = "Stump.GUI.WorldConsole", "GUI\Stump.GUI.WorldConsole\Stump.GUI.WorldConsole.csproj", "{53C844EC-189B-4803-8128-48ED9964ADA8}"
EndProject
Project("{FAE04EC0-301F-11D3-BF4B-00C04F79EFBC}") = "PostBuild", "Tools\PostBuild\PostBuild.csproj", "{1B676803-A9AF-4F49-8D67-483D701C9A6B}"
EndProject
Project("{FAE04EC0-301F-11D3-BF4B-00C04F79EFBC}") = "Stump.DofusProtocol.D2oClasses", "DofusProtocol\D2oClasses\Stump.DofusProtocol.D2oClasses.csproj", "{33093793-C4BA-4B89-AC82-6E9D00437452}"
EndProject
Project("{FAE04EC0-301F-11D3-BF4B-00C04F79EFBC}") = "Stump.Tools.Proxy", "Tools\Stump.Tools.Proxy\Stump.Tools.Proxy.csproj", "{4B1F615A-F1E0-4132-8E4B-542B7A453FE9}"
EndProject
Project("{FAE04EC0-301F-11D3-BF4B-00C04F79EFBC}") = "Stump.Tools.UtilityBot", "Tools\Stump.Tools.UtilityBot\Stump.Tools.UtilityBot.csproj", "{68C437A3-289B-44C1-8081-12F27EE7651E}"
EndProject
Project("{FAE04EC0-301F-11D3-BF4B-00C04F79EFBC}") = "Stump.Tools.DataLoader", "Tools\Stump.Tools.DataLoader\Stump.Tools.DataLoader.csproj", "{A8BFD4A3-7D65-4DC3-B031-E3376176DC0C}"
EndProject
Project("{FAE04EC0-301F-11D3-BF4B-00C04F79EFBC}") = "Stump.Tools.CacheManager", "Tools\Stump.Tools.CacheManager\Stump.Tools.CacheManager.csproj", "{07563201-8BE8-49D9-B908-07A2B5960C62}"
EndProject
Project("{FAE04EC0-301F-11D3-BF4B-00C04F79EFBC}") = "UnitTest", "UnitTest\UnitTest.csproj", "{11A0FEDF-88F3-4137-A1F5-F5DBDEC86980}"
EndProject
Project("{2150E333-8FDC-42A3-9474-1A3956D46DE8}") = "Solution Items", "Solution Items", "{6694E2B3-6EEB-481B-A447-C4340C82F699}"
	ProjectSection(SolutionItems) = preProject
		Stump.vsmdi = Stump.vsmdi
	EndProjectSection
EndProject
Project("{FAE04EC0-301F-11D3-BF4B-00C04F79EFBC}") = "Stump.Tools.SpellsExplorer", "Tools\Stump.Tools.SpellsExplorer\Stump.Tools.SpellsExplorer.csproj", "{4BBBCB41-40E7-48DE-82C4-5CAF1CEF8CC3}"
EndProject
Project("{2150E333-8FDC-42A3-9474-1A3956D46DE8}") = "Librairies", "Librairies", "{38155C42-AA0B-483C-98FB-EE1F0FA9B293}"
EndProject
Project("{FAE04EC0-301F-11D3-BF4B-00C04F79EFBC}") = "Stump.Tools.ClientPatcher", "Tools\Stump.Tools.ClientPatcher\Stump.Tools.ClientPatcher.csproj", "{EB3C2E1A-B172-4306-9ED1-758254C45FE1}"
EndProject
Project("{FAE04EC0-301F-11D3-BF4B-00C04F79EFBC}") = "TreeSharp", "Library\TreeSharp\TreeSharp.csproj", "{8BFDD80E-9E64-4386-B676-ED3CFDF1B095}"
EndProject
Project("{FAE04EC0-301F-11D3-BF4B-00C04F79EFBC}") = "Stump.Tools.MonsterDataFinder", "Tools\Stump.Tools.MonsterDataFinder\Stump.Tools.MonsterDataFinder.csproj", "{ED11D950-5474-4BCF-A610-A85DB6D5E138}"
EndProject
Project("{FAE04EC0-301F-11D3-BF4B-00C04F79EFBC}") = "CustomUplauncher", "Tools\CustomUplauncher\CustomUplauncher.csproj", "{F56AE8C1-F532-49B1-8A6C-BC78E718DA8A}"
EndProject
Project("{FAE04EC0-301F-11D3-BF4B-00C04F79EFBC}") = "Stump.Plugins.EditorPlugin", "Plugins\Stump.Plugins.EditorPlugin\Stump.Plugins.EditorPlugin.csproj", "{4545DDDA-F936-4797-A77A-98F08169D3FC}"
EndProject
Project("{FAE04EC0-301F-11D3-BF4B-00C04F79EFBC}") = "Stump.Tools.CellPatternBuilder", "Tools\Stump.Tools.CellPatternBuilder\Stump.Tools.CellPatternBuilder.csproj", "{1BFB9518-1687-420E-A7F0-2B4B46BF8B99}"
	ProjectSection(ProjectDependencies) = postProject
		{380D57C1-2AB3-497A-A47A-3DBBA034EF37} = {380D57C1-2AB3-497A-A47A-3DBBA034EF37}
	EndProjectSection
EndProject
Project("{FAE04EC0-301F-11D3-BF4B-00C04F79EFBC}") = "Stump.Tools.MapControl", "Tools\Stump.Tools.MapControl\Stump.Tools.MapControl.csproj", "{380D57C1-2AB3-497A-A47A-3DBBA034EF37}"
EndProject
Project("{FAE04EC0-301F-11D3-BF4B-00C04F79EFBC}") = "Stump.Tools.QuickItemEditor", "Tools\Stump.Tools.QuickItemEditor\Stump.Tools.QuickItemEditor.csproj", "{AD148C73-EA1C-4D74-ACE5-D756C070C982}"
EndProject
Project("{FAE04EC0-301F-11D3-BF4B-00C04F79EFBC}") = "Stump.Tools.Toolkit", "Tools\Stump.Tools.Toolkit\Stump.Tools.Toolkit.csproj", "{F3472EE4-3CB8-4994-B146-D36F3F84FAF6}"
EndProject
Project("{FAE04EC0-301F-11D3-BF4B-00C04F79EFBC}") = "ZoomAndPan", "Library\ZoomAndPan\ZoomAndPan.csproj", "{468ADEDE-6F5E-40C0-99C9-C6DAC4FAC934}"
EndProject
Project("{FAE04EC0-301F-11D3-BF4B-00C04F79EFBC}") = "WPF.MDI", "Library\WPF.MDI\WPF.MDI.csproj", "{BE1ED569-5E0B-4DF0-8964-33AD2AAE4C4A}"
EndProject
Project("{FAE04EC0-301F-11D3-BF4B-00C04F79EFBC}") = "WpfApplicationFramework", "Library\WpfApplicationFramework\WpfApplicationFramework.csproj", "{27B67DFE-0BF1-4435-B036-E4C083EAEA03}"
EndProject
Project("{FAE04EC0-301F-11D3-BF4B-00C04F79EFBC}") = "ArkalysPlugin", "Plugins\ArkalysPlugin\ArkalysPlugin.csproj", "{9E50768A-CB28-4ACF-8961-295F82BDB5D4}"
EndProject
Project("{FAE04EC0-301F-11D3-BF4B-00C04F79EFBC}") = "NLog.netfx40", "Library\NLog\NLog.netfx40.csproj", "{A0BFF0DB-ED9A-4639-AE86-8E709A1EFC66}"
EndProject
Project("{FAE04EC0-301F-11D3-BF4B-00C04F79EFBC}") = "Stump.Tools.ItemsSkinSniffer", "Tools\Stump.Tools.ItemsSkinSniffer\Stump.Tools.ItemsSkinSniffer.csproj", "{D882D552-93AA-46D7-A878-46F0C9BD1ABB}"
EndProject
Global
	GlobalSection(TestCaseManagementSettings) = postSolution
		CategoryFile = Stump.vsmdi
	EndGlobalSection
	GlobalSection(SolutionConfigurationPlatforms) = preSolution
		Debug|Any CPU = Debug|Any CPU
		Debug|Mixed Platforms = Debug|Mixed Platforms
		Debug|x64 = Debug|x64
		Debug|x86 = Debug|x86
		Release|Any CPU = Release|Any CPU
		Release|Mixed Platforms = Release|Mixed Platforms
		Release|x64 = Release|x64
		Release|x86 = Release|x86
	EndGlobalSection
	GlobalSection(ProjectConfigurationPlatforms) = postSolution
		{32609B25-5E15-4B60-887F-0A4B95455F2A}.Debug|Any CPU.ActiveCfg = Debug|Any CPU
		{32609B25-5E15-4B60-887F-0A4B95455F2A}.Debug|Any CPU.Build.0 = Debug|Any CPU
		{32609B25-5E15-4B60-887F-0A4B95455F2A}.Debug|Mixed Platforms.ActiveCfg = Debug|Any CPU
		{32609B25-5E15-4B60-887F-0A4B95455F2A}.Debug|Mixed Platforms.Build.0 = Debug|Any CPU
		{32609B25-5E15-4B60-887F-0A4B95455F2A}.Debug|x64.ActiveCfg = Debug|x64
		{32609B25-5E15-4B60-887F-0A4B95455F2A}.Debug|x64.Build.0 = Debug|x64
		{32609B25-5E15-4B60-887F-0A4B95455F2A}.Debug|x86.ActiveCfg = Debug|x86
		{32609B25-5E15-4B60-887F-0A4B95455F2A}.Debug|x86.Build.0 = Debug|x86
		{32609B25-5E15-4B60-887F-0A4B95455F2A}.Release|Any CPU.ActiveCfg = Release|Any CPU
		{32609B25-5E15-4B60-887F-0A4B95455F2A}.Release|Any CPU.Build.0 = Release|Any CPU
		{32609B25-5E15-4B60-887F-0A4B95455F2A}.Release|Mixed Platforms.ActiveCfg = Release|x64
		{32609B25-5E15-4B60-887F-0A4B95455F2A}.Release|Mixed Platforms.Build.0 = Release|x64
		{32609B25-5E15-4B60-887F-0A4B95455F2A}.Release|x64.ActiveCfg = Release|x64
		{32609B25-5E15-4B60-887F-0A4B95455F2A}.Release|x64.Build.0 = Release|x64
		{32609B25-5E15-4B60-887F-0A4B95455F2A}.Release|x86.ActiveCfg = Release|x86
		{32609B25-5E15-4B60-887F-0A4B95455F2A}.Release|x86.Build.0 = Release|x86
		{FD69B306-B8A7-4577-AB5E-3888E94D87F9}.Debug|Any CPU.ActiveCfg = Debug|Any CPU
		{FD69B306-B8A7-4577-AB5E-3888E94D87F9}.Debug|Any CPU.Build.0 = Debug|Any CPU
		{FD69B306-B8A7-4577-AB5E-3888E94D87F9}.Debug|Mixed Platforms.ActiveCfg = Debug|Any CPU
		{FD69B306-B8A7-4577-AB5E-3888E94D87F9}.Debug|Mixed Platforms.Build.0 = Debug|Any CPU
		{FD69B306-B8A7-4577-AB5E-3888E94D87F9}.Debug|x64.ActiveCfg = Debug|x64
		{FD69B306-B8A7-4577-AB5E-3888E94D87F9}.Debug|x64.Build.0 = Debug|x64
		{FD69B306-B8A7-4577-AB5E-3888E94D87F9}.Debug|x86.ActiveCfg = Debug|x86
		{FD69B306-B8A7-4577-AB5E-3888E94D87F9}.Debug|x86.Build.0 = Debug|x86
		{FD69B306-B8A7-4577-AB5E-3888E94D87F9}.Release|Any CPU.ActiveCfg = Release|Any CPU
		{FD69B306-B8A7-4577-AB5E-3888E94D87F9}.Release|Any CPU.Build.0 = Release|Any CPU
		{FD69B306-B8A7-4577-AB5E-3888E94D87F9}.Release|Mixed Platforms.ActiveCfg = Release|x64
		{FD69B306-B8A7-4577-AB5E-3888E94D87F9}.Release|Mixed Platforms.Build.0 = Release|x64
		{FD69B306-B8A7-4577-AB5E-3888E94D87F9}.Release|x64.ActiveCfg = Release|x64
		{FD69B306-B8A7-4577-AB5E-3888E94D87F9}.Release|x64.Build.0 = Release|x64
		{FD69B306-B8A7-4577-AB5E-3888E94D87F9}.Release|x86.ActiveCfg = Release|x86
		{FD69B306-B8A7-4577-AB5E-3888E94D87F9}.Release|x86.Build.0 = Release|x86
		{A96733AC-0307-43DD-AD5E-0F47DC917B46}.Debug|Any CPU.ActiveCfg = Debug|Any CPU
		{A96733AC-0307-43DD-AD5E-0F47DC917B46}.Debug|Any CPU.Build.0 = Debug|Any CPU
		{A96733AC-0307-43DD-AD5E-0F47DC917B46}.Debug|Mixed Platforms.ActiveCfg = Debug|Any CPU
		{A96733AC-0307-43DD-AD5E-0F47DC917B46}.Debug|Mixed Platforms.Build.0 = Debug|Any CPU
		{A96733AC-0307-43DD-AD5E-0F47DC917B46}.Debug|x64.ActiveCfg = Debug|x64
		{A96733AC-0307-43DD-AD5E-0F47DC917B46}.Debug|x64.Build.0 = Debug|x64
		{A96733AC-0307-43DD-AD5E-0F47DC917B46}.Debug|x86.ActiveCfg = Debug|x86
		{A96733AC-0307-43DD-AD5E-0F47DC917B46}.Debug|x86.Build.0 = Debug|x86
		{A96733AC-0307-43DD-AD5E-0F47DC917B46}.Release|Any CPU.ActiveCfg = Release|Any CPU
		{A96733AC-0307-43DD-AD5E-0F47DC917B46}.Release|Any CPU.Build.0 = Release|Any CPU
		{A96733AC-0307-43DD-AD5E-0F47DC917B46}.Release|Mixed Platforms.ActiveCfg = Release|x64
		{A96733AC-0307-43DD-AD5E-0F47DC917B46}.Release|Mixed Platforms.Build.0 = Release|x64
		{A96733AC-0307-43DD-AD5E-0F47DC917B46}.Release|x64.ActiveCfg = Release|x64
		{A96733AC-0307-43DD-AD5E-0F47DC917B46}.Release|x64.Build.0 = Release|x64
		{A96733AC-0307-43DD-AD5E-0F47DC917B46}.Release|x86.ActiveCfg = Release|x86
		{A96733AC-0307-43DD-AD5E-0F47DC917B46}.Release|x86.Build.0 = Release|x86
		{0F454E97-B01B-4A02-84A4-8C53F7B185E7}.Debug|Any CPU.ActiveCfg = Debug|Any CPU
		{0F454E97-B01B-4A02-84A4-8C53F7B185E7}.Debug|Any CPU.Build.0 = Debug|Any CPU
		{0F454E97-B01B-4A02-84A4-8C53F7B185E7}.Debug|Mixed Platforms.ActiveCfg = Debug|Any CPU
		{0F454E97-B01B-4A02-84A4-8C53F7B185E7}.Debug|Mixed Platforms.Build.0 = Debug|Any CPU
		{0F454E97-B01B-4A02-84A4-8C53F7B185E7}.Debug|x64.ActiveCfg = Debug|Any CPU
		{0F454E97-B01B-4A02-84A4-8C53F7B185E7}.Debug|x86.ActiveCfg = Debug|x86
		{0F454E97-B01B-4A02-84A4-8C53F7B185E7}.Debug|x86.Build.0 = Debug|x86
		{0F454E97-B01B-4A02-84A4-8C53F7B185E7}.Release|Any CPU.ActiveCfg = Release|Any CPU
		{0F454E97-B01B-4A02-84A4-8C53F7B185E7}.Release|Any CPU.Build.0 = Release|Any CPU
		{0F454E97-B01B-4A02-84A4-8C53F7B185E7}.Release|Mixed Platforms.ActiveCfg = Release|Any CPU
		{0F454E97-B01B-4A02-84A4-8C53F7B185E7}.Release|Mixed Platforms.Build.0 = Release|Any CPU
		{0F454E97-B01B-4A02-84A4-8C53F7B185E7}.Release|x64.ActiveCfg = Release|x64
		{0F454E97-B01B-4A02-84A4-8C53F7B185E7}.Release|x64.Build.0 = Release|x64
		{0F454E97-B01B-4A02-84A4-8C53F7B185E7}.Release|x86.ActiveCfg = Release|x86
		{0F454E97-B01B-4A02-84A4-8C53F7B185E7}.Release|x86.Build.0 = Release|x86
		{10884165-D492-4895-B3EF-32429F7A7F55}.Debug|Any CPU.ActiveCfg = Debug|Any CPU
		{10884165-D492-4895-B3EF-32429F7A7F55}.Debug|Any CPU.Build.0 = Debug|Any CPU
		{10884165-D492-4895-B3EF-32429F7A7F55}.Debug|Mixed Platforms.ActiveCfg = Debug|Any CPU
		{10884165-D492-4895-B3EF-32429F7A7F55}.Debug|Mixed Platforms.Build.0 = Debug|Any CPU
		{10884165-D492-4895-B3EF-32429F7A7F55}.Debug|x64.ActiveCfg = Debug|x64
		{10884165-D492-4895-B3EF-32429F7A7F55}.Debug|x64.Build.0 = Debug|x64
		{10884165-D492-4895-B3EF-32429F7A7F55}.Debug|x86.ActiveCfg = Debug|x86
		{10884165-D492-4895-B3EF-32429F7A7F55}.Debug|x86.Build.0 = Debug|x86
		{10884165-D492-4895-B3EF-32429F7A7F55}.Release|Any CPU.ActiveCfg = Release|Any CPU
		{10884165-D492-4895-B3EF-32429F7A7F55}.Release|Any CPU.Build.0 = Release|Any CPU
		{10884165-D492-4895-B3EF-32429F7A7F55}.Release|Mixed Platforms.ActiveCfg = Release|x64
		{10884165-D492-4895-B3EF-32429F7A7F55}.Release|Mixed Platforms.Build.0 = Release|x64
		{10884165-D492-4895-B3EF-32429F7A7F55}.Release|x64.ActiveCfg = Release|x64
		{10884165-D492-4895-B3EF-32429F7A7F55}.Release|x64.Build.0 = Release|x64
		{10884165-D492-4895-B3EF-32429F7A7F55}.Release|x86.ActiveCfg = Release|x86
		{10884165-D492-4895-B3EF-32429F7A7F55}.Release|x86.Build.0 = Release|x86
		{D7BFF8ED-065B-4A53-9805-595DFEA75A0A}.Debug|Any CPU.ActiveCfg = Debug|Any CPU
		{D7BFF8ED-065B-4A53-9805-595DFEA75A0A}.Debug|Any CPU.Build.0 = Debug|Any CPU
		{D7BFF8ED-065B-4A53-9805-595DFEA75A0A}.Debug|Mixed Platforms.ActiveCfg = Debug|Any CPU
		{D7BFF8ED-065B-4A53-9805-595DFEA75A0A}.Debug|Mixed Platforms.Build.0 = Debug|Any CPU
		{D7BFF8ED-065B-4A53-9805-595DFEA75A0A}.Debug|x64.ActiveCfg = Debug|x64
		{D7BFF8ED-065B-4A53-9805-595DFEA75A0A}.Debug|x64.Build.0 = Debug|x64
		{D7BFF8ED-065B-4A53-9805-595DFEA75A0A}.Debug|x86.ActiveCfg = Debug|x86
		{D7BFF8ED-065B-4A53-9805-595DFEA75A0A}.Debug|x86.Build.0 = Debug|x86
		{D7BFF8ED-065B-4A53-9805-595DFEA75A0A}.Release|Any CPU.ActiveCfg = Release|Any CPU
		{D7BFF8ED-065B-4A53-9805-595DFEA75A0A}.Release|Any CPU.Build.0 = Release|Any CPU
		{D7BFF8ED-065B-4A53-9805-595DFEA75A0A}.Release|Mixed Platforms.ActiveCfg = Release|x64
		{D7BFF8ED-065B-4A53-9805-595DFEA75A0A}.Release|Mixed Platforms.Build.0 = Release|x64
		{D7BFF8ED-065B-4A53-9805-595DFEA75A0A}.Release|x64.ActiveCfg = Release|x64
		{D7BFF8ED-065B-4A53-9805-595DFEA75A0A}.Release|x64.Build.0 = Release|x64
		{D7BFF8ED-065B-4A53-9805-595DFEA75A0A}.Release|x86.ActiveCfg = Release|x86
		{D7BFF8ED-065B-4A53-9805-595DFEA75A0A}.Release|x86.Build.0 = Release|x86
		{53092D2E-8F37-4889-B6B7-B359E093E3F4}.Debug|Any CPU.ActiveCfg = Debug|Any CPU
		{53092D2E-8F37-4889-B6B7-B359E093E3F4}.Debug|Any CPU.Build.0 = Debug|Any CPU
		{53092D2E-8F37-4889-B6B7-B359E093E3F4}.Debug|Mixed Platforms.ActiveCfg = Debug|Any CPU
		{53092D2E-8F37-4889-B6B7-B359E093E3F4}.Debug|Mixed Platforms.Build.0 = Debug|Any CPU
		{53092D2E-8F37-4889-B6B7-B359E093E3F4}.Debug|x64.ActiveCfg = Debug|x64
		{53092D2E-8F37-4889-B6B7-B359E093E3F4}.Debug|x64.Build.0 = Debug|x64
		{53092D2E-8F37-4889-B6B7-B359E093E3F4}.Debug|x86.ActiveCfg = Debug|x86
		{53092D2E-8F37-4889-B6B7-B359E093E3F4}.Debug|x86.Build.0 = Debug|x86
		{53092D2E-8F37-4889-B6B7-B359E093E3F4}.Release|Any CPU.ActiveCfg = Release|Any CPU
		{53092D2E-8F37-4889-B6B7-B359E093E3F4}.Release|Any CPU.Build.0 = Release|Any CPU
		{53092D2E-8F37-4889-B6B7-B359E093E3F4}.Release|Mixed Platforms.ActiveCfg = Release|x64
		{53092D2E-8F37-4889-B6B7-B359E093E3F4}.Release|Mixed Platforms.Build.0 = Release|x64
		{53092D2E-8F37-4889-B6B7-B359E093E3F4}.Release|x64.ActiveCfg = Release|x64
		{53092D2E-8F37-4889-B6B7-B359E093E3F4}.Release|x64.Build.0 = Release|x64
		{53092D2E-8F37-4889-B6B7-B359E093E3F4}.Release|x86.ActiveCfg = Release|x86
		{53092D2E-8F37-4889-B6B7-B359E093E3F4}.Release|x86.Build.0 = Release|x86
		{011FBAFC-7720-4D36-9C59-71BAE6163C9E}.Debug|Any CPU.ActiveCfg = Debug|Any CPU
		{011FBAFC-7720-4D36-9C59-71BAE6163C9E}.Debug|Any CPU.Build.0 = Debug|Any CPU
		{011FBAFC-7720-4D36-9C59-71BAE6163C9E}.Debug|Mixed Platforms.ActiveCfg = Debug|Any CPU
		{011FBAFC-7720-4D36-9C59-71BAE6163C9E}.Debug|Mixed Platforms.Build.0 = Debug|Any CPU
		{011FBAFC-7720-4D36-9C59-71BAE6163C9E}.Debug|x64.ActiveCfg = Debug|x64
		{011FBAFC-7720-4D36-9C59-71BAE6163C9E}.Debug|x64.Build.0 = Debug|x64
		{011FBAFC-7720-4D36-9C59-71BAE6163C9E}.Debug|x86.ActiveCfg = Debug|x86
		{011FBAFC-7720-4D36-9C59-71BAE6163C9E}.Debug|x86.Build.0 = Debug|x86
		{011FBAFC-7720-4D36-9C59-71BAE6163C9E}.Release|Any CPU.ActiveCfg = Release|Any CPU
		{011FBAFC-7720-4D36-9C59-71BAE6163C9E}.Release|Any CPU.Build.0 = Release|Any CPU
		{011FBAFC-7720-4D36-9C59-71BAE6163C9E}.Release|Mixed Platforms.ActiveCfg = Release|x64
		{011FBAFC-7720-4D36-9C59-71BAE6163C9E}.Release|Mixed Platforms.Build.0 = Release|x64
		{011FBAFC-7720-4D36-9C59-71BAE6163C9E}.Release|x64.ActiveCfg = Release|x64
		{011FBAFC-7720-4D36-9C59-71BAE6163C9E}.Release|x64.Build.0 = Release|x64
		{011FBAFC-7720-4D36-9C59-71BAE6163C9E}.Release|x86.ActiveCfg = Release|x86
		{011FBAFC-7720-4D36-9C59-71BAE6163C9E}.Release|x86.Build.0 = Release|x86
		{B838009E-BE0A-463F-A814-73EBF3663785}.Debug|Any CPU.ActiveCfg = Debug|Any CPU
		{B838009E-BE0A-463F-A814-73EBF3663785}.Debug|Any CPU.Build.0 = Debug|Any CPU
		{B838009E-BE0A-463F-A814-73EBF3663785}.Debug|Mixed Platforms.ActiveCfg = Debug|Any CPU
		{B838009E-BE0A-463F-A814-73EBF3663785}.Debug|Mixed Platforms.Build.0 = Debug|Any CPU
		{B838009E-BE0A-463F-A814-73EBF3663785}.Debug|x64.ActiveCfg = Debug|Any CPU
		{B838009E-BE0A-463F-A814-73EBF3663785}.Debug|x86.ActiveCfg = Debug|x86
		{B838009E-BE0A-463F-A814-73EBF3663785}.Debug|x86.Build.0 = Debug|x86
		{B838009E-BE0A-463F-A814-73EBF3663785}.Release|Any CPU.ActiveCfg = Release|Any CPU
		{B838009E-BE0A-463F-A814-73EBF3663785}.Release|Any CPU.Build.0 = Release|Any CPU
		{B838009E-BE0A-463F-A814-73EBF3663785}.Release|Mixed Platforms.ActiveCfg = Release|Any CPU
		{B838009E-BE0A-463F-A814-73EBF3663785}.Release|Mixed Platforms.Build.0 = Release|Any CPU
		{B838009E-BE0A-463F-A814-73EBF3663785}.Release|x64.ActiveCfg = Release|x64
		{B838009E-BE0A-463F-A814-73EBF3663785}.Release|x64.Build.0 = Release|x64
		{B838009E-BE0A-463F-A814-73EBF3663785}.Release|x86.ActiveCfg = Release|x86
		{B838009E-BE0A-463F-A814-73EBF3663785}.Release|x86.Build.0 = Release|x86
		{7A1BEAB5-1A69-48B6-B064-0F6F372AC23B}.Debug|Any CPU.ActiveCfg = Debug|Any CPU
		{7A1BEAB5-1A69-48B6-B064-0F6F372AC23B}.Debug|Any CPU.Build.0 = Debug|Any CPU
		{7A1BEAB5-1A69-48B6-B064-0F6F372AC23B}.Debug|Mixed Platforms.ActiveCfg = Debug|Any CPU
		{7A1BEAB5-1A69-48B6-B064-0F6F372AC23B}.Debug|Mixed Platforms.Build.0 = Debug|Any CPU
		{7A1BEAB5-1A69-48B6-B064-0F6F372AC23B}.Debug|x64.ActiveCfg = Debug|Any CPU
		{7A1BEAB5-1A69-48B6-B064-0F6F372AC23B}.Debug|x86.ActiveCfg = Debug|x86
		{7A1BEAB5-1A69-48B6-B064-0F6F372AC23B}.Debug|x86.Build.0 = Debug|x86
		{7A1BEAB5-1A69-48B6-B064-0F6F372AC23B}.Release|Any CPU.ActiveCfg = Release|Any CPU
		{7A1BEAB5-1A69-48B6-B064-0F6F372AC23B}.Release|Any CPU.Build.0 = Release|Any CPU
		{7A1BEAB5-1A69-48B6-B064-0F6F372AC23B}.Release|Mixed Platforms.ActiveCfg = Release|Any CPU
		{7A1BEAB5-1A69-48B6-B064-0F6F372AC23B}.Release|Mixed Platforms.Build.0 = Release|Any CPU
		{7A1BEAB5-1A69-48B6-B064-0F6F372AC23B}.Release|x64.ActiveCfg = Release|x64
		{7A1BEAB5-1A69-48B6-B064-0F6F372AC23B}.Release|x64.Build.0 = Release|x64
		{7A1BEAB5-1A69-48B6-B064-0F6F372AC23B}.Release|x86.ActiveCfg = Release|x86
		{7A1BEAB5-1A69-48B6-B064-0F6F372AC23B}.Release|x86.Build.0 = Release|x86
		{8AC12413-BD4F-4C35-B61A-5E5894D33AFB}.Debug|Any CPU.ActiveCfg = Debug|Any CPU
		{8AC12413-BD4F-4C35-B61A-5E5894D33AFB}.Debug|Any CPU.Build.0 = Debug|Any CPU
		{8AC12413-BD4F-4C35-B61A-5E5894D33AFB}.Debug|Mixed Platforms.ActiveCfg = Debug|Any CPU
		{8AC12413-BD4F-4C35-B61A-5E5894D33AFB}.Debug|Mixed Platforms.Build.0 = Debug|Any CPU
		{8AC12413-BD4F-4C35-B61A-5E5894D33AFB}.Debug|x64.ActiveCfg = Debug|x64
		{8AC12413-BD4F-4C35-B61A-5E5894D33AFB}.Debug|x64.Build.0 = Debug|x64
		{8AC12413-BD4F-4C35-B61A-5E5894D33AFB}.Debug|x86.ActiveCfg = Debug|x86
		{8AC12413-BD4F-4C35-B61A-5E5894D33AFB}.Debug|x86.Build.0 = Debug|x86
		{8AC12413-BD4F-4C35-B61A-5E5894D33AFB}.Release|Any CPU.ActiveCfg = Release|Any CPU
		{8AC12413-BD4F-4C35-B61A-5E5894D33AFB}.Release|Any CPU.Build.0 = Release|Any CPU
		{8AC12413-BD4F-4C35-B61A-5E5894D33AFB}.Release|Mixed Platforms.ActiveCfg = Release|x64
		{8AC12413-BD4F-4C35-B61A-5E5894D33AFB}.Release|Mixed Platforms.Build.0 = Release|x64
		{8AC12413-BD4F-4C35-B61A-5E5894D33AFB}.Release|x64.ActiveCfg = Release|x64
		{8AC12413-BD4F-4C35-B61A-5E5894D33AFB}.Release|x64.Build.0 = Release|x64
		{8AC12413-BD4F-4C35-B61A-5E5894D33AFB}.Release|x86.ActiveCfg = Release|x86
		{8AC12413-BD4F-4C35-B61A-5E5894D33AFB}.Release|x86.Build.0 = Release|x86
		{73FB2A1D-2036-489D-B23A-B606BB70D4F2}.Debug|Any CPU.ActiveCfg = Debug|Any CPU
		{73FB2A1D-2036-489D-B23A-B606BB70D4F2}.Debug|Any CPU.Build.0 = Debug|Any CPU
		{73FB2A1D-2036-489D-B23A-B606BB70D4F2}.Debug|Mixed Platforms.ActiveCfg = Debug|Any CPU
		{73FB2A1D-2036-489D-B23A-B606BB70D4F2}.Debug|Mixed Platforms.Build.0 = Debug|Any CPU
		{73FB2A1D-2036-489D-B23A-B606BB70D4F2}.Debug|x64.ActiveCfg = Debug|x64
		{73FB2A1D-2036-489D-B23A-B606BB70D4F2}.Debug|x64.Build.0 = Debug|x64
		{73FB2A1D-2036-489D-B23A-B606BB70D4F2}.Debug|x86.ActiveCfg = Debug|x86
		{73FB2A1D-2036-489D-B23A-B606BB70D4F2}.Debug|x86.Build.0 = Debug|x86
		{73FB2A1D-2036-489D-B23A-B606BB70D4F2}.Release|Any CPU.ActiveCfg = Release|Any CPU
		{73FB2A1D-2036-489D-B23A-B606BB70D4F2}.Release|Any CPU.Build.0 = Release|Any CPU
		{73FB2A1D-2036-489D-B23A-B606BB70D4F2}.Release|Mixed Platforms.ActiveCfg = Release|x64
		{73FB2A1D-2036-489D-B23A-B606BB70D4F2}.Release|Mixed Platforms.Build.0 = Release|x64
		{73FB2A1D-2036-489D-B23A-B606BB70D4F2}.Release|x64.ActiveCfg = Release|x64
		{73FB2A1D-2036-489D-B23A-B606BB70D4F2}.Release|x64.Build.0 = Release|x64
		{73FB2A1D-2036-489D-B23A-B606BB70D4F2}.Release|x86.ActiveCfg = Release|x86
		{73FB2A1D-2036-489D-B23A-B606BB70D4F2}.Release|x86.Build.0 = Release|x86
		{53C844EC-189B-4803-8128-48ED9964ADA8}.Debug|Any CPU.ActiveCfg = Debug|Any CPU
		{53C844EC-189B-4803-8128-48ED9964ADA8}.Debug|Any CPU.Build.0 = Debug|Any CPU
		{53C844EC-189B-4803-8128-48ED9964ADA8}.Debug|Mixed Platforms.ActiveCfg = Debug|Any CPU
		{53C844EC-189B-4803-8128-48ED9964ADA8}.Debug|Mixed Platforms.Build.0 = Debug|Any CPU
		{53C844EC-189B-4803-8128-48ED9964ADA8}.Debug|x64.ActiveCfg = Debug|x64
		{53C844EC-189B-4803-8128-48ED9964ADA8}.Debug|x64.Build.0 = Debug|x64
		{53C844EC-189B-4803-8128-48ED9964ADA8}.Debug|x86.ActiveCfg = Debug|x86
		{53C844EC-189B-4803-8128-48ED9964ADA8}.Debug|x86.Build.0 = Debug|x86
		{53C844EC-189B-4803-8128-48ED9964ADA8}.Release|Any CPU.ActiveCfg = Release|Any CPU
		{53C844EC-189B-4803-8128-48ED9964ADA8}.Release|Any CPU.Build.0 = Release|Any CPU
		{53C844EC-189B-4803-8128-48ED9964ADA8}.Release|Mixed Platforms.ActiveCfg = Release|x64
		{53C844EC-189B-4803-8128-48ED9964ADA8}.Release|Mixed Platforms.Build.0 = Release|x64
		{53C844EC-189B-4803-8128-48ED9964ADA8}.Release|x64.ActiveCfg = Release|x64
		{53C844EC-189B-4803-8128-48ED9964ADA8}.Release|x64.Build.0 = Release|x64
		{53C844EC-189B-4803-8128-48ED9964ADA8}.Release|x86.ActiveCfg = Release|x86
		{53C844EC-189B-4803-8128-48ED9964ADA8}.Release|x86.Build.0 = Release|x86
		{1B676803-A9AF-4F49-8D67-483D701C9A6B}.Debug|Any CPU.ActiveCfg = Debug|Any CPU
		{1B676803-A9AF-4F49-8D67-483D701C9A6B}.Debug|Any CPU.Build.0 = Debug|Any CPU
		{1B676803-A9AF-4F49-8D67-483D701C9A6B}.Debug|Mixed Platforms.ActiveCfg = Debug|Any CPU
		{1B676803-A9AF-4F49-8D67-483D701C9A6B}.Debug|Mixed Platforms.Build.0 = Debug|Any CPU
		{1B676803-A9AF-4F49-8D67-483D701C9A6B}.Debug|x64.ActiveCfg = Debug|x64
		{1B676803-A9AF-4F49-8D67-483D701C9A6B}.Debug|x64.Build.0 = Debug|x64
		{1B676803-A9AF-4F49-8D67-483D701C9A6B}.Debug|x86.ActiveCfg = Debug|x86
		{1B676803-A9AF-4F49-8D67-483D701C9A6B}.Debug|x86.Build.0 = Debug|x86
		{1B676803-A9AF-4F49-8D67-483D701C9A6B}.Release|Any CPU.ActiveCfg = Release|Any CPU
		{1B676803-A9AF-4F49-8D67-483D701C9A6B}.Release|Any CPU.Build.0 = Release|Any CPU
		{1B676803-A9AF-4F49-8D67-483D701C9A6B}.Release|Mixed Platforms.ActiveCfg = Release|Any CPU
		{1B676803-A9AF-4F49-8D67-483D701C9A6B}.Release|Mixed Platforms.Build.0 = Release|Any CPU
		{1B676803-A9AF-4F49-8D67-483D701C9A6B}.Release|x64.ActiveCfg = Release|x64
		{1B676803-A9AF-4F49-8D67-483D701C9A6B}.Release|x64.Build.0 = Release|x64
		{1B676803-A9AF-4F49-8D67-483D701C9A6B}.Release|x86.ActiveCfg = Release|x86
		{1B676803-A9AF-4F49-8D67-483D701C9A6B}.Release|x86.Build.0 = Release|x86
		{33093793-C4BA-4B89-AC82-6E9D00437452}.Debug|Any CPU.ActiveCfg = Debug|Any CPU
		{33093793-C4BA-4B89-AC82-6E9D00437452}.Debug|Any CPU.Build.0 = Debug|Any CPU
		{33093793-C4BA-4B89-AC82-6E9D00437452}.Debug|Mixed Platforms.ActiveCfg = Debug|Any CPU
		{33093793-C4BA-4B89-AC82-6E9D00437452}.Debug|Mixed Platforms.Build.0 = Debug|Any CPU
		{33093793-C4BA-4B89-AC82-6E9D00437452}.Debug|x64.ActiveCfg = Debug|x64
		{33093793-C4BA-4B89-AC82-6E9D00437452}.Debug|x64.Build.0 = Debug|x64
		{33093793-C4BA-4B89-AC82-6E9D00437452}.Debug|x86.ActiveCfg = Debug|x86
		{33093793-C4BA-4B89-AC82-6E9D00437452}.Debug|x86.Build.0 = Debug|x86
		{33093793-C4BA-4B89-AC82-6E9D00437452}.Release|Any CPU.ActiveCfg = Release|Any CPU
		{33093793-C4BA-4B89-AC82-6E9D00437452}.Release|Any CPU.Build.0 = Release|Any CPU
		{33093793-C4BA-4B89-AC82-6E9D00437452}.Release|Mixed Platforms.ActiveCfg = Release|x64
		{33093793-C4BA-4B89-AC82-6E9D00437452}.Release|Mixed Platforms.Build.0 = Release|x64
		{33093793-C4BA-4B89-AC82-6E9D00437452}.Release|x64.ActiveCfg = Release|x64
		{33093793-C4BA-4B89-AC82-6E9D00437452}.Release|x64.Build.0 = Release|x64
		{33093793-C4BA-4B89-AC82-6E9D00437452}.Release|x86.ActiveCfg = Release|x86
		{33093793-C4BA-4B89-AC82-6E9D00437452}.Release|x86.Build.0 = Release|x86
		{4B1F615A-F1E0-4132-8E4B-542B7A453FE9}.Debug|Any CPU.ActiveCfg = Debug|Any CPU
		{4B1F615A-F1E0-4132-8E4B-542B7A453FE9}.Debug|Any CPU.Build.0 = Debug|Any CPU
		{4B1F615A-F1E0-4132-8E4B-542B7A453FE9}.Debug|Mixed Platforms.ActiveCfg = Debug|Any CPU
		{4B1F615A-F1E0-4132-8E4B-542B7A453FE9}.Debug|Mixed Platforms.Build.0 = Debug|Any CPU
		{4B1F615A-F1E0-4132-8E4B-542B7A453FE9}.Debug|x64.ActiveCfg = Debug|x64
		{4B1F615A-F1E0-4132-8E4B-542B7A453FE9}.Debug|x64.Build.0 = Debug|x64
		{4B1F615A-F1E0-4132-8E4B-542B7A453FE9}.Debug|x86.ActiveCfg = Debug|x86
		{4B1F615A-F1E0-4132-8E4B-542B7A453FE9}.Debug|x86.Build.0 = Debug|x86
		{4B1F615A-F1E0-4132-8E4B-542B7A453FE9}.Release|Any CPU.ActiveCfg = Release|Any CPU
		{4B1F615A-F1E0-4132-8E4B-542B7A453FE9}.Release|Any CPU.Build.0 = Release|Any CPU
		{4B1F615A-F1E0-4132-8E4B-542B7A453FE9}.Release|Mixed Platforms.ActiveCfg = Release|Any CPU
		{4B1F615A-F1E0-4132-8E4B-542B7A453FE9}.Release|Mixed Platforms.Build.0 = Release|Any CPU
		{4B1F615A-F1E0-4132-8E4B-542B7A453FE9}.Release|x64.ActiveCfg = Release|x64
		{4B1F615A-F1E0-4132-8E4B-542B7A453FE9}.Release|x64.Build.0 = Release|x64
		{4B1F615A-F1E0-4132-8E4B-542B7A453FE9}.Release|x86.ActiveCfg = Release|x86
		{4B1F615A-F1E0-4132-8E4B-542B7A453FE9}.Release|x86.Build.0 = Release|x86
		{68C437A3-289B-44C1-8081-12F27EE7651E}.Debug|Any CPU.ActiveCfg = Debug|Any CPU
		{68C437A3-289B-44C1-8081-12F27EE7651E}.Debug|Any CPU.Build.0 = Debug|Any CPU
		{68C437A3-289B-44C1-8081-12F27EE7651E}.Debug|Mixed Platforms.ActiveCfg = Debug|Any CPU
		{68C437A3-289B-44C1-8081-12F27EE7651E}.Debug|Mixed Platforms.Build.0 = Debug|Any CPU
		{68C437A3-289B-44C1-8081-12F27EE7651E}.Debug|x64.ActiveCfg = Debug|x64
		{68C437A3-289B-44C1-8081-12F27EE7651E}.Debug|x64.Build.0 = Debug|x64
		{68C437A3-289B-44C1-8081-12F27EE7651E}.Debug|x86.ActiveCfg = Debug|x86
		{68C437A3-289B-44C1-8081-12F27EE7651E}.Debug|x86.Build.0 = Debug|x86
		{68C437A3-289B-44C1-8081-12F27EE7651E}.Release|Any CPU.ActiveCfg = Release|Any CPU
		{68C437A3-289B-44C1-8081-12F27EE7651E}.Release|Any CPU.Build.0 = Release|Any CPU
		{68C437A3-289B-44C1-8081-12F27EE7651E}.Release|Mixed Platforms.ActiveCfg = Release|Any CPU
		{68C437A3-289B-44C1-8081-12F27EE7651E}.Release|Mixed Platforms.Build.0 = Release|Any CPU
		{68C437A3-289B-44C1-8081-12F27EE7651E}.Release|x64.ActiveCfg = Release|x64
		{68C437A3-289B-44C1-8081-12F27EE7651E}.Release|x64.Build.0 = Release|x64
		{68C437A3-289B-44C1-8081-12F27EE7651E}.Release|x86.ActiveCfg = Release|x86
		{68C437A3-289B-44C1-8081-12F27EE7651E}.Release|x86.Build.0 = Release|x86
		{A8BFD4A3-7D65-4DC3-B031-E3376176DC0C}.Debug|Any CPU.ActiveCfg = Debug|Any CPU
		{A8BFD4A3-7D65-4DC3-B031-E3376176DC0C}.Debug|Any CPU.Build.0 = Debug|Any CPU
		{A8BFD4A3-7D65-4DC3-B031-E3376176DC0C}.Debug|Mixed Platforms.ActiveCfg = Debug|Any CPU
		{A8BFD4A3-7D65-4DC3-B031-E3376176DC0C}.Debug|Mixed Platforms.Build.0 = Debug|Any CPU
		{A8BFD4A3-7D65-4DC3-B031-E3376176DC0C}.Debug|x64.ActiveCfg = Debug|x64
		{A8BFD4A3-7D65-4DC3-B031-E3376176DC0C}.Debug|x64.Build.0 = Debug|x64
		{A8BFD4A3-7D65-4DC3-B031-E3376176DC0C}.Debug|x86.ActiveCfg = Debug|x86
		{A8BFD4A3-7D65-4DC3-B031-E3376176DC0C}.Debug|x86.Build.0 = Debug|x86
		{A8BFD4A3-7D65-4DC3-B031-E3376176DC0C}.Release|Any CPU.ActiveCfg = Release|Any CPU
		{A8BFD4A3-7D65-4DC3-B031-E3376176DC0C}.Release|Any CPU.Build.0 = Release|Any CPU
		{A8BFD4A3-7D65-4DC3-B031-E3376176DC0C}.Release|Mixed Platforms.ActiveCfg = Release|Any CPU
		{A8BFD4A3-7D65-4DC3-B031-E3376176DC0C}.Release|Mixed Platforms.Build.0 = Release|Any CPU
		{A8BFD4A3-7D65-4DC3-B031-E3376176DC0C}.Release|x64.ActiveCfg = Release|x64
		{A8BFD4A3-7D65-4DC3-B031-E3376176DC0C}.Release|x64.Build.0 = Release|x64
		{A8BFD4A3-7D65-4DC3-B031-E3376176DC0C}.Release|x86.ActiveCfg = Release|x86
		{A8BFD4A3-7D65-4DC3-B031-E3376176DC0C}.Release|x86.Build.0 = Release|x86
		{07563201-8BE8-49D9-B908-07A2B5960C62}.Debug|Any CPU.ActiveCfg = Debug|Any CPU
		{07563201-8BE8-49D9-B908-07A2B5960C62}.Debug|Any CPU.Build.0 = Debug|Any CPU
		{07563201-8BE8-49D9-B908-07A2B5960C62}.Debug|Mixed Platforms.ActiveCfg = Debug|Any CPU
		{07563201-8BE8-49D9-B908-07A2B5960C62}.Debug|Mixed Platforms.Build.0 = Debug|Any CPU
		{07563201-8BE8-49D9-B908-07A2B5960C62}.Debug|x64.ActiveCfg = Debug|x86
		{07563201-8BE8-49D9-B908-07A2B5960C62}.Debug|x86.ActiveCfg = Debug|x86
		{07563201-8BE8-49D9-B908-07A2B5960C62}.Debug|x86.Build.0 = Debug|x86
		{07563201-8BE8-49D9-B908-07A2B5960C62}.Release|Any CPU.ActiveCfg = Release|Any CPU
		{07563201-8BE8-49D9-B908-07A2B5960C62}.Release|Any CPU.Build.0 = Release|Any CPU
		{07563201-8BE8-49D9-B908-07A2B5960C62}.Release|Mixed Platforms.ActiveCfg = Release|x86
		{07563201-8BE8-49D9-B908-07A2B5960C62}.Release|Mixed Platforms.Build.0 = Release|x86
		{07563201-8BE8-49D9-B908-07A2B5960C62}.Release|x64.ActiveCfg = Release|x64
		{07563201-8BE8-49D9-B908-07A2B5960C62}.Release|x64.Build.0 = Release|x64
		{07563201-8BE8-49D9-B908-07A2B5960C62}.Release|x86.ActiveCfg = Release|x86
		{07563201-8BE8-49D9-B908-07A2B5960C62}.Release|x86.Build.0 = Release|x86
		{11A0FEDF-88F3-4137-A1F5-F5DBDEC86980}.Debug|Any CPU.ActiveCfg = Debug|Any CPU
		{11A0FEDF-88F3-4137-A1F5-F5DBDEC86980}.Debug|Any CPU.Build.0 = Debug|Any CPU
		{11A0FEDF-88F3-4137-A1F5-F5DBDEC86980}.Debug|Mixed Platforms.ActiveCfg = Debug|Any CPU
		{11A0FEDF-88F3-4137-A1F5-F5DBDEC86980}.Debug|Mixed Platforms.Build.0 = Debug|Any CPU
		{11A0FEDF-88F3-4137-A1F5-F5DBDEC86980}.Debug|x64.ActiveCfg = Debug|x64
		{11A0FEDF-88F3-4137-A1F5-F5DBDEC86980}.Debug|x64.Build.0 = Debug|x64
		{11A0FEDF-88F3-4137-A1F5-F5DBDEC86980}.Debug|x86.ActiveCfg = Debug|x86
		{11A0FEDF-88F3-4137-A1F5-F5DBDEC86980}.Debug|x86.Build.0 = Debug|x86
		{11A0FEDF-88F3-4137-A1F5-F5DBDEC86980}.Release|Any CPU.ActiveCfg = Release|Any CPU
		{11A0FEDF-88F3-4137-A1F5-F5DBDEC86980}.Release|Any CPU.Build.0 = Release|Any CPU
		{11A0FEDF-88F3-4137-A1F5-F5DBDEC86980}.Release|Mixed Platforms.ActiveCfg = Release|x64
		{11A0FEDF-88F3-4137-A1F5-F5DBDEC86980}.Release|Mixed Platforms.Build.0 = Release|x64
		{11A0FEDF-88F3-4137-A1F5-F5DBDEC86980}.Release|x64.ActiveCfg = Release|x64
		{11A0FEDF-88F3-4137-A1F5-F5DBDEC86980}.Release|x64.Build.0 = Release|x64
		{11A0FEDF-88F3-4137-A1F5-F5DBDEC86980}.Release|x86.ActiveCfg = Release|Any CPU
		{11A0FEDF-88F3-4137-A1F5-F5DBDEC86980}.Release|x86.Build.0 = Release|Any CPU
		{4BBBCB41-40E7-48DE-82C4-5CAF1CEF8CC3}.Debug|Any CPU.ActiveCfg = Debug|Any CPU
		{4BBBCB41-40E7-48DE-82C4-5CAF1CEF8CC3}.Debug|Any CPU.Build.0 = Debug|Any CPU
		{4BBBCB41-40E7-48DE-82C4-5CAF1CEF8CC3}.Debug|Mixed Platforms.ActiveCfg = Debug|x86
		{4BBBCB41-40E7-48DE-82C4-5CAF1CEF8CC3}.Debug|Mixed Platforms.Build.0 = Debug|x86
		{4BBBCB41-40E7-48DE-82C4-5CAF1CEF8CC3}.Debug|x64.ActiveCfg = Debug|x86
		{4BBBCB41-40E7-48DE-82C4-5CAF1CEF8CC3}.Debug|x86.ActiveCfg = Debug|x86
		{4BBBCB41-40E7-48DE-82C4-5CAF1CEF8CC3}.Debug|x86.Build.0 = Debug|x86
		{4BBBCB41-40E7-48DE-82C4-5CAF1CEF8CC3}.Release|Any CPU.ActiveCfg = Release|Any CPU
		{4BBBCB41-40E7-48DE-82C4-5CAF1CEF8CC3}.Release|Any CPU.Build.0 = Release|Any CPU
		{4BBBCB41-40E7-48DE-82C4-5CAF1CEF8CC3}.Release|Mixed Platforms.ActiveCfg = Release|x86
		{4BBBCB41-40E7-48DE-82C4-5CAF1CEF8CC3}.Release|Mixed Platforms.Build.0 = Release|x86
		{4BBBCB41-40E7-48DE-82C4-5CAF1CEF8CC3}.Release|x64.ActiveCfg = Release|x64
		{4BBBCB41-40E7-48DE-82C4-5CAF1CEF8CC3}.Release|x64.Build.0 = Release|x64
		{4BBBCB41-40E7-48DE-82C4-5CAF1CEF8CC3}.Release|x86.ActiveCfg = Release|x86
		{4BBBCB41-40E7-48DE-82C4-5CAF1CEF8CC3}.Release|x86.Build.0 = Release|x86
		{EB3C2E1A-B172-4306-9ED1-758254C45FE1}.Debug|Any CPU.ActiveCfg = Debug|Any CPU
		{EB3C2E1A-B172-4306-9ED1-758254C45FE1}.Debug|Any CPU.Build.0 = Debug|Any CPU
		{EB3C2E1A-B172-4306-9ED1-758254C45FE1}.Debug|Mixed Platforms.ActiveCfg = Debug|x86
		{EB3C2E1A-B172-4306-9ED1-758254C45FE1}.Debug|Mixed Platforms.Build.0 = Debug|x86
		{EB3C2E1A-B172-4306-9ED1-758254C45FE1}.Debug|x64.ActiveCfg = Debug|x86
		{EB3C2E1A-B172-4306-9ED1-758254C45FE1}.Debug|x86.ActiveCfg = Debug|x86
		{EB3C2E1A-B172-4306-9ED1-758254C45FE1}.Debug|x86.Build.0 = Debug|x86
		{EB3C2E1A-B172-4306-9ED1-758254C45FE1}.Release|Any CPU.ActiveCfg = Release|Any CPU
		{EB3C2E1A-B172-4306-9ED1-758254C45FE1}.Release|Any CPU.Build.0 = Release|Any CPU
		{EB3C2E1A-B172-4306-9ED1-758254C45FE1}.Release|Mixed Platforms.ActiveCfg = Release|x86
		{EB3C2E1A-B172-4306-9ED1-758254C45FE1}.Release|Mixed Platforms.Build.0 = Release|x86
		{EB3C2E1A-B172-4306-9ED1-758254C45FE1}.Release|x64.ActiveCfg = Release|x64
		{EB3C2E1A-B172-4306-9ED1-758254C45FE1}.Release|x64.Build.0 = Release|x64
		{EB3C2E1A-B172-4306-9ED1-758254C45FE1}.Release|x86.ActiveCfg = Release|x86
		{EB3C2E1A-B172-4306-9ED1-758254C45FE1}.Release|x86.Build.0 = Release|x86
		{8BFDD80E-9E64-4386-B676-ED3CFDF1B095}.Debug|Any CPU.ActiveCfg = Debug|Any CPU
		{8BFDD80E-9E64-4386-B676-ED3CFDF1B095}.Debug|Any CPU.Build.0 = Debug|Any CPU
		{8BFDD80E-9E64-4386-B676-ED3CFDF1B095}.Debug|Mixed Platforms.ActiveCfg = Debug|Any CPU
		{8BFDD80E-9E64-4386-B676-ED3CFDF1B095}.Debug|Mixed Platforms.Build.0 = Debug|Any CPU
		{8BFDD80E-9E64-4386-B676-ED3CFDF1B095}.Debug|x64.ActiveCfg = Debug|Any CPU
		{8BFDD80E-9E64-4386-B676-ED3CFDF1B095}.Debug|x86.ActiveCfg = Debug|x86
		{8BFDD80E-9E64-4386-B676-ED3CFDF1B095}.Debug|x86.Build.0 = Debug|x86
		{8BFDD80E-9E64-4386-B676-ED3CFDF1B095}.Release|Any CPU.ActiveCfg = Release|Any CPU
		{8BFDD80E-9E64-4386-B676-ED3CFDF1B095}.Release|Any CPU.Build.0 = Release|Any CPU
		{8BFDD80E-9E64-4386-B676-ED3CFDF1B095}.Release|Mixed Platforms.ActiveCfg = Release|Any CPU
		{8BFDD80E-9E64-4386-B676-ED3CFDF1B095}.Release|Mixed Platforms.Build.0 = Release|Any CPU
		{8BFDD80E-9E64-4386-B676-ED3CFDF1B095}.Release|x64.ActiveCfg = Release|x64
		{8BFDD80E-9E64-4386-B676-ED3CFDF1B095}.Release|x64.Build.0 = Release|x64
		{8BFDD80E-9E64-4386-B676-ED3CFDF1B095}.Release|x86.ActiveCfg = Release|Any CPU
		{ED11D950-5474-4BCF-A610-A85DB6D5E138}.Debug|Any CPU.ActiveCfg = Debug|Any CPU
		{ED11D950-5474-4BCF-A610-A85DB6D5E138}.Debug|Any CPU.Build.0 = Debug|Any CPU
		{ED11D950-5474-4BCF-A610-A85DB6D5E138}.Debug|Mixed Platforms.ActiveCfg = Debug|x86
		{ED11D950-5474-4BCF-A610-A85DB6D5E138}.Debug|Mixed Platforms.Build.0 = Debug|x86
		{ED11D950-5474-4BCF-A610-A85DB6D5E138}.Debug|x64.ActiveCfg = Debug|x86
		{ED11D950-5474-4BCF-A610-A85DB6D5E138}.Debug|x86.ActiveCfg = Debug|x86
		{ED11D950-5474-4BCF-A610-A85DB6D5E138}.Debug|x86.Build.0 = Debug|x86
		{ED11D950-5474-4BCF-A610-A85DB6D5E138}.Release|Any CPU.ActiveCfg = Release|Any CPU
		{ED11D950-5474-4BCF-A610-A85DB6D5E138}.Release|Any CPU.Build.0 = Release|Any CPU
		{ED11D950-5474-4BCF-A610-A85DB6D5E138}.Release|Mixed Platforms.ActiveCfg = Release|x86
		{ED11D950-5474-4BCF-A610-A85DB6D5E138}.Release|Mixed Platforms.Build.0 = Release|x86
		{ED11D950-5474-4BCF-A610-A85DB6D5E138}.Release|x64.ActiveCfg = Release|x64
		{ED11D950-5474-4BCF-A610-A85DB6D5E138}.Release|x64.Build.0 = Release|x64
		{ED11D950-5474-4BCF-A610-A85DB6D5E138}.Release|x86.ActiveCfg = Release|x86
		{ED11D950-5474-4BCF-A610-A85DB6D5E138}.Release|x86.Build.0 = Release|x86
		{F56AE8C1-F532-49B1-8A6C-BC78E718DA8A}.Debug|Any CPU.ActiveCfg = Debug|Any CPU
		{F56AE8C1-F532-49B1-8A6C-BC78E718DA8A}.Debug|Any CPU.Build.0 = Debug|Any CPU
		{F56AE8C1-F532-49B1-8A6C-BC78E718DA8A}.Debug|Mixed Platforms.ActiveCfg = Debug|Any CPU
		{F56AE8C1-F532-49B1-8A6C-BC78E718DA8A}.Debug|Mixed Platforms.Build.0 = Debug|Any CPU
		{F56AE8C1-F532-49B1-8A6C-BC78E718DA8A}.Debug|x64.ActiveCfg = Debug|x86
		{F56AE8C1-F532-49B1-8A6C-BC78E718DA8A}.Debug|x86.ActiveCfg = Debug|x86
		{F56AE8C1-F532-49B1-8A6C-BC78E718DA8A}.Debug|x86.Build.0 = Debug|x86
		{F56AE8C1-F532-49B1-8A6C-BC78E718DA8A}.Release|Any CPU.ActiveCfg = Release|Any CPU
		{F56AE8C1-F532-49B1-8A6C-BC78E718DA8A}.Release|Any CPU.Build.0 = Release|Any CPU
		{F56AE8C1-F532-49B1-8A6C-BC78E718DA8A}.Release|Mixed Platforms.ActiveCfg = Release|Any CPU
		{F56AE8C1-F532-49B1-8A6C-BC78E718DA8A}.Release|Mixed Platforms.Build.0 = Release|Any CPU
		{F56AE8C1-F532-49B1-8A6C-BC78E718DA8A}.Release|x64.ActiveCfg = Release|x64
		{F56AE8C1-F532-49B1-8A6C-BC78E718DA8A}.Release|x64.Build.0 = Release|x64
		{F56AE8C1-F532-49B1-8A6C-BC78E718DA8A}.Release|x86.ActiveCfg = Release|x86
		{F56AE8C1-F532-49B1-8A6C-BC78E718DA8A}.Release|x86.Build.0 = Release|x86
		{4545DDDA-F936-4797-A77A-98F08169D3FC}.Debug|Any CPU.ActiveCfg = Debug|Any CPU
		{4545DDDA-F936-4797-A77A-98F08169D3FC}.Debug|Any CPU.Build.0 = Debug|Any CPU
		{4545DDDA-F936-4797-A77A-98F08169D3FC}.Debug|Mixed Platforms.ActiveCfg = Debug|Any CPU
		{4545DDDA-F936-4797-A77A-98F08169D3FC}.Debug|Mixed Platforms.Build.0 = Debug|Any CPU
		{4545DDDA-F936-4797-A77A-98F08169D3FC}.Debug|x64.ActiveCfg = Debug|Any CPU
		{4545DDDA-F936-4797-A77A-98F08169D3FC}.Debug|x86.ActiveCfg = Debug|x86
		{4545DDDA-F936-4797-A77A-98F08169D3FC}.Debug|x86.Build.0 = Debug|x86
		{4545DDDA-F936-4797-A77A-98F08169D3FC}.Release|Any CPU.ActiveCfg = Release|Any CPU
		{4545DDDA-F936-4797-A77A-98F08169D3FC}.Release|Any CPU.Build.0 = Release|Any CPU
		{4545DDDA-F936-4797-A77A-98F08169D3FC}.Release|Mixed Platforms.ActiveCfg = Release|Any CPU
		{4545DDDA-F936-4797-A77A-98F08169D3FC}.Release|Mixed Platforms.Build.0 = Release|Any CPU
		{4545DDDA-F936-4797-A77A-98F08169D3FC}.Release|x64.ActiveCfg = Release|x64
		{4545DDDA-F936-4797-A77A-98F08169D3FC}.Release|x64.Build.0 = Release|x64
		{4545DDDA-F936-4797-A77A-98F08169D3FC}.Release|x86.ActiveCfg = Release|x86
		{4545DDDA-F936-4797-A77A-98F08169D3FC}.Release|x86.Build.0 = Release|x86
		{1BFB9518-1687-420E-A7F0-2B4B46BF8B99}.Debug|Any CPU.ActiveCfg = Debug|x86
		{1BFB9518-1687-420E-A7F0-2B4B46BF8B99}.Debug|Mixed Platforms.ActiveCfg = Debug|x86
		{1BFB9518-1687-420E-A7F0-2B4B46BF8B99}.Debug|Mixed Platforms.Build.0 = Debug|x86
		{1BFB9518-1687-420E-A7F0-2B4B46BF8B99}.Debug|x64.ActiveCfg = Debug|x86
		{1BFB9518-1687-420E-A7F0-2B4B46BF8B99}.Debug|x86.ActiveCfg = Debug|x86
		{1BFB9518-1687-420E-A7F0-2B4B46BF8B99}.Debug|x86.Build.0 = Debug|x86
		{1BFB9518-1687-420E-A7F0-2B4B46BF8B99}.Release|Any CPU.ActiveCfg = Release|Any CPU
		{1BFB9518-1687-420E-A7F0-2B4B46BF8B99}.Release|Any CPU.Build.0 = Release|Any CPU
		{1BFB9518-1687-420E-A7F0-2B4B46BF8B99}.Release|Mixed Platforms.ActiveCfg = Release|x86
		{1BFB9518-1687-420E-A7F0-2B4B46BF8B99}.Release|Mixed Platforms.Build.0 = Release|x86
		{1BFB9518-1687-420E-A7F0-2B4B46BF8B99}.Release|x64.ActiveCfg = Release|x64
		{1BFB9518-1687-420E-A7F0-2B4B46BF8B99}.Release|x64.Build.0 = Release|x64
		{1BFB9518-1687-420E-A7F0-2B4B46BF8B99}.Release|x86.ActiveCfg = Release|x86
		{1BFB9518-1687-420E-A7F0-2B4B46BF8B99}.Release|x86.Build.0 = Release|x86
		{380D57C1-2AB3-497A-A47A-3DBBA034EF37}.Debug|Any CPU.ActiveCfg = Debug|Any CPU
		{380D57C1-2AB3-497A-A47A-3DBBA034EF37}.Debug|Any CPU.Build.0 = Debug|Any CPU
		{380D57C1-2AB3-497A-A47A-3DBBA034EF37}.Debug|Mixed Platforms.ActiveCfg = Debug|Any CPU
		{380D57C1-2AB3-497A-A47A-3DBBA034EF37}.Debug|Mixed Platforms.Build.0 = Debug|Any CPU
		{380D57C1-2AB3-497A-A47A-3DBBA034EF37}.Debug|x64.ActiveCfg = Debug|Any CPU
		{380D57C1-2AB3-497A-A47A-3DBBA034EF37}.Debug|x86.ActiveCfg = Debug|x86
		{380D57C1-2AB3-497A-A47A-3DBBA034EF37}.Debug|x86.Build.0 = Debug|x86
		{380D57C1-2AB3-497A-A47A-3DBBA034EF37}.Release|Any CPU.ActiveCfg = Release|Any CPU
		{380D57C1-2AB3-497A-A47A-3DBBA034EF37}.Release|Any CPU.Build.0 = Release|Any CPU
		{380D57C1-2AB3-497A-A47A-3DBBA034EF37}.Release|Mixed Platforms.ActiveCfg = Release|Any CPU
		{380D57C1-2AB3-497A-A47A-3DBBA034EF37}.Release|Mixed Platforms.Build.0 = Release|Any CPU
		{380D57C1-2AB3-497A-A47A-3DBBA034EF37}.Release|x64.ActiveCfg = Release|x64
		{380D57C1-2AB3-497A-A47A-3DBBA034EF37}.Release|x64.Build.0 = Release|x64
		{380D57C1-2AB3-497A-A47A-3DBBA034EF37}.Release|x86.ActiveCfg = Release|Any CPU
		{380D57C1-2AB3-497A-A47A-3DBBA034EF37}.Release|x86.Build.0 = Release|Any CPU
		{AD148C73-EA1C-4D74-ACE5-D756C070C982}.Debug|Any CPU.ActiveCfg = Debug|x86
		{AD148C73-EA1C-4D74-ACE5-D756C070C982}.Debug|Mixed Platforms.ActiveCfg = Debug|x86
		{AD148C73-EA1C-4D74-ACE5-D756C070C982}.Debug|Mixed Platforms.Build.0 = Debug|x86
		{AD148C73-EA1C-4D74-ACE5-D756C070C982}.Debug|x64.ActiveCfg = Debug|x86
		{AD148C73-EA1C-4D74-ACE5-D756C070C982}.Debug|x86.ActiveCfg = Debug|x86
		{AD148C73-EA1C-4D74-ACE5-D756C070C982}.Debug|x86.Build.0 = Debug|x86
		{AD148C73-EA1C-4D74-ACE5-D756C070C982}.Release|Any CPU.ActiveCfg = Release|x86
		{AD148C73-EA1C-4D74-ACE5-D756C070C982}.Release|Mixed Platforms.ActiveCfg = Release|x86
		{AD148C73-EA1C-4D74-ACE5-D756C070C982}.Release|Mixed Platforms.Build.0 = Release|x86
		{AD148C73-EA1C-4D74-ACE5-D756C070C982}.Release|x64.ActiveCfg = Release|x86
		{AD148C73-EA1C-4D74-ACE5-D756C070C982}.Release|x86.ActiveCfg = Release|x86
		{AD148C73-EA1C-4D74-ACE5-D756C070C982}.Release|x86.Build.0 = Release|x86
		{F3472EE4-3CB8-4994-B146-D36F3F84FAF6}.Debug|Any CPU.ActiveCfg = Debug|x86
		{F3472EE4-3CB8-4994-B146-D36F3F84FAF6}.Debug|Mixed Platforms.ActiveCfg = Debug|x86
		{F3472EE4-3CB8-4994-B146-D36F3F84FAF6}.Debug|Mixed Platforms.Build.0 = Debug|x86
		{F3472EE4-3CB8-4994-B146-D36F3F84FAF6}.Debug|x64.ActiveCfg = Debug|x86
		{F3472EE4-3CB8-4994-B146-D36F3F84FAF6}.Debug|x86.ActiveCfg = Debug|x86
		{F3472EE4-3CB8-4994-B146-D36F3F84FAF6}.Debug|x86.Build.0 = Debug|x86
		{F3472EE4-3CB8-4994-B146-D36F3F84FAF6}.Release|Any CPU.ActiveCfg = Release|x86
		{F3472EE4-3CB8-4994-B146-D36F3F84FAF6}.Release|Mixed Platforms.ActiveCfg = Release|x86
		{F3472EE4-3CB8-4994-B146-D36F3F84FAF6}.Release|Mixed Platforms.Build.0 = Release|x86
		{F3472EE4-3CB8-4994-B146-D36F3F84FAF6}.Release|x64.ActiveCfg = Release|x86
		{F3472EE4-3CB8-4994-B146-D36F3F84FAF6}.Release|x86.ActiveCfg = Release|x86
		{F3472EE4-3CB8-4994-B146-D36F3F84FAF6}.Release|x86.Build.0 = Release|x86
		{468ADEDE-6F5E-40C0-99C9-C6DAC4FAC934}.Debug|Any CPU.ActiveCfg = Debug|Any CPU
		{468ADEDE-6F5E-40C0-99C9-C6DAC4FAC934}.Debug|Any CPU.Build.0 = Debug|Any CPU
		{468ADEDE-6F5E-40C0-99C9-C6DAC4FAC934}.Debug|Mixed Platforms.ActiveCfg = Debug|Any CPU
		{468ADEDE-6F5E-40C0-99C9-C6DAC4FAC934}.Debug|Mixed Platforms.Build.0 = Debug|Any CPU
		{468ADEDE-6F5E-40C0-99C9-C6DAC4FAC934}.Debug|x64.ActiveCfg = Debug|Any CPU
		{468ADEDE-6F5E-40C0-99C9-C6DAC4FAC934}.Debug|x86.ActiveCfg = Debug|x86
		{468ADEDE-6F5E-40C0-99C9-C6DAC4FAC934}.Release|Any CPU.ActiveCfg = Release|Any CPU
		{468ADEDE-6F5E-40C0-99C9-C6DAC4FAC934}.Release|Any CPU.Build.0 = Release|Any CPU
		{468ADEDE-6F5E-40C0-99C9-C6DAC4FAC934}.Release|Mixed Platforms.ActiveCfg = Release|Any CPU
		{468ADEDE-6F5E-40C0-99C9-C6DAC4FAC934}.Release|Mixed Platforms.Build.0 = Release|Any CPU
		{468ADEDE-6F5E-40C0-99C9-C6DAC4FAC934}.Release|x64.ActiveCfg = Release|Any CPU
		{468ADEDE-6F5E-40C0-99C9-C6DAC4FAC934}.Release|x86.ActiveCfg = Release|Any CPU
		{BE1ED569-5E0B-4DF0-8964-33AD2AAE4C4A}.Debug|Any CPU.ActiveCfg = Debug|Any CPU
		{BE1ED569-5E0B-4DF0-8964-33AD2AAE4C4A}.Debug|Any CPU.Build.0 = Debug|Any CPU
		{BE1ED569-5E0B-4DF0-8964-33AD2AAE4C4A}.Debug|Mixed Platforms.ActiveCfg = Debug|Any CPU
		{BE1ED569-5E0B-4DF0-8964-33AD2AAE4C4A}.Debug|Mixed Platforms.Build.0 = Debug|Any CPU
		{BE1ED569-5E0B-4DF0-8964-33AD2AAE4C4A}.Debug|x64.ActiveCfg = Debug|Any CPU
		{BE1ED569-5E0B-4DF0-8964-33AD2AAE4C4A}.Debug|x86.ActiveCfg = Debug|x86
		{BE1ED569-5E0B-4DF0-8964-33AD2AAE4C4A}.Release|Any CPU.ActiveCfg = Release|Any CPU
		{BE1ED569-5E0B-4DF0-8964-33AD2AAE4C4A}.Release|Any CPU.Build.0 = Release|Any CPU
		{BE1ED569-5E0B-4DF0-8964-33AD2AAE4C4A}.Release|Mixed Platforms.ActiveCfg = Release|Any CPU
		{BE1ED569-5E0B-4DF0-8964-33AD2AAE4C4A}.Release|Mixed Platforms.Build.0 = Release|Any CPU
		{BE1ED569-5E0B-4DF0-8964-33AD2AAE4C4A}.Release|x64.ActiveCfg = Release|Any CPU
		{BE1ED569-5E0B-4DF0-8964-33AD2AAE4C4A}.Release|x86.ActiveCfg = Release|Any CPU
		{27B67DFE-0BF1-4435-B036-E4C083EAEA03}.Debug|Any CPU.ActiveCfg = Debug|Any CPU
		{27B67DFE-0BF1-4435-B036-E4C083EAEA03}.Debug|Any CPU.Build.0 = Debug|Any CPU
		{27B67DFE-0BF1-4435-B036-E4C083EAEA03}.Debug|Mixed Platforms.ActiveCfg = Debug|Any CPU
		{27B67DFE-0BF1-4435-B036-E4C083EAEA03}.Debug|Mixed Platforms.Build.0 = Debug|Any CPU
		{27B67DFE-0BF1-4435-B036-E4C083EAEA03}.Debug|x64.ActiveCfg = Debug|Any CPU
		{27B67DFE-0BF1-4435-B036-E4C083EAEA03}.Debug|x86.ActiveCfg = Debug|x86
		{27B67DFE-0BF1-4435-B036-E4C083EAEA03}.Release|Any CPU.ActiveCfg = Release|Any CPU
		{27B67DFE-0BF1-4435-B036-E4C083EAEA03}.Release|Any CPU.Build.0 = Release|Any CPU
		{27B67DFE-0BF1-4435-B036-E4C083EAEA03}.Release|Mixed Platforms.ActiveCfg = Release|Any CPU
		{27B67DFE-0BF1-4435-B036-E4C083EAEA03}.Release|Mixed Platforms.Build.0 = Release|Any CPU
		{27B67DFE-0BF1-4435-B036-E4C083EAEA03}.Release|x64.ActiveCfg = Release|Any CPU
		{27B67DFE-0BF1-4435-B036-E4C083EAEA03}.Release|x86.ActiveCfg = Release|Any CPU
		{9E50768A-CB28-4ACF-8961-295F82BDB5D4}.Debug|Any CPU.ActiveCfg = Debug|Any CPU
		{9E50768A-CB28-4ACF-8961-295F82BDB5D4}.Debug|Any CPU.Build.0 = Debug|Any CPU
		{9E50768A-CB28-4ACF-8961-295F82BDB5D4}.Debug|Mixed Platforms.ActiveCfg = Debug|Any CPU
		{9E50768A-CB28-4ACF-8961-295F82BDB5D4}.Debug|Mixed Platforms.Build.0 = Debug|Any CPU
		{9E50768A-CB28-4ACF-8961-295F82BDB5D4}.Debug|x64.ActiveCfg = Debug|Any CPU
		{9E50768A-CB28-4ACF-8961-295F82BDB5D4}.Debug|x86.ActiveCfg = Debug|x86
		{9E50768A-CB28-4ACF-8961-295F82BDB5D4}.Debug|x86.Build.0 = Debug|x86
		{9E50768A-CB28-4ACF-8961-295F82BDB5D4}.Release|Any CPU.ActiveCfg = Release|Any CPU
		{9E50768A-CB28-4ACF-8961-295F82BDB5D4}.Release|Any CPU.Build.0 = Release|Any CPU
		{9E50768A-CB28-4ACF-8961-295F82BDB5D4}.Release|Mixed Platforms.ActiveCfg = Release|Any CPU
		{9E50768A-CB28-4ACF-8961-295F82BDB5D4}.Release|Mixed Platforms.Build.0 = Release|Any CPU
		{9E50768A-CB28-4ACF-8961-295F82BDB5D4}.Release|x64.ActiveCfg = Release|x64
		{9E50768A-CB28-4ACF-8961-295F82BDB5D4}.Release|x64.Build.0 = Release|x64
		{9E50768A-CB28-4ACF-8961-295F82BDB5D4}.Release|x86.ActiveCfg = Release|Any CPU
		{A0BFF0DB-ED9A-4639-AE86-8E709A1EFC66}.Debug|Any CPU.ActiveCfg = Debug|Any CPU
		{A0BFF0DB-ED9A-4639-AE86-8E709A1EFC66}.Debug|Any CPU.Build.0 = Debug|Any CPU
		{A0BFF0DB-ED9A-4639-AE86-8E709A1EFC66}.Debug|Mixed Platforms.ActiveCfg = Debug|Any CPU
		{A0BFF0DB-ED9A-4639-AE86-8E709A1EFC66}.Debug|Mixed Platforms.Build.0 = Debug|Any CPU
		{A0BFF0DB-ED9A-4639-AE86-8E709A1EFC66}.Debug|x64.ActiveCfg = Debug|Any CPU
		{A0BFF0DB-ED9A-4639-AE86-8E709A1EFC66}.Debug|x86.ActiveCfg = Debug|x86
		{A0BFF0DB-ED9A-4639-AE86-8E709A1EFC66}.Debug|x86.Build.0 = Debug|x86
		{A0BFF0DB-ED9A-4639-AE86-8E709A1EFC66}.Release|Any CPU.ActiveCfg = Release|Any CPU
		{A0BFF0DB-ED9A-4639-AE86-8E709A1EFC66}.Release|Any CPU.Build.0 = Release|Any CPU
		{A0BFF0DB-ED9A-4639-AE86-8E709A1EFC66}.Release|Mixed Platforms.ActiveCfg = Release|Any CPU
		{A0BFF0DB-ED9A-4639-AE86-8E709A1EFC66}.Release|Mixed Platforms.Build.0 = Release|Any CPU
		{A0BFF0DB-ED9A-4639-AE86-8E709A1EFC66}.Release|x64.ActiveCfg = Release|x64
		{A0BFF0DB-ED9A-4639-AE86-8E709A1EFC66}.Release|x64.Build.0 = Release|x64
		{A0BFF0DB-ED9A-4639-AE86-8E709A1EFC66}.Release|x86.ActiveCfg = Release|x86
		{A0BFF0DB-ED9A-4639-AE86-8E709A1EFC66}.Release|x86.Build.0 = Release|x86
		{D882D552-93AA-46D7-A878-46F0C9BD1ABB}.Debug|Any CPU.ActiveCfg = Debug|x86
		{D882D552-93AA-46D7-A878-46F0C9BD1ABB}.Debug|Mixed Platforms.ActiveCfg = Debug|x86
		{D882D552-93AA-46D7-A878-46F0C9BD1ABB}.Debug|Mixed Platforms.Build.0 = Debug|x86
		{D882D552-93AA-46D7-A878-46F0C9BD1ABB}.Debug|x64.ActiveCfg = Debug|x86
		{D882D552-93AA-46D7-A878-46F0C9BD1ABB}.Debug|x86.ActiveCfg = Debug|x86
		{D882D552-93AA-46D7-A878-46F0C9BD1ABB}.Debug|x86.Build.0 = Debug|x86
		{D882D552-93AA-46D7-A878-46F0C9BD1ABB}.Release|Any CPU.ActiveCfg = Release|x86
		{D882D552-93AA-46D7-A878-46F0C9BD1ABB}.Release|Mixed Platforms.ActiveCfg = Release|x86
		{D882D552-93AA-46D7-A878-46F0C9BD1ABB}.Release|Mixed Platforms.Build.0 = Release|x86
		{D882D552-93AA-46D7-A878-46F0C9BD1ABB}.Release|x64.ActiveCfg = Release|x86
		{D882D552-93AA-46D7-A878-46F0C9BD1ABB}.Release|x64.Build.0 = Release|x86
		{D882D552-93AA-46D7-A878-46F0C9BD1ABB}.Release|x86.ActiveCfg = Release|x86
		{D882D552-93AA-46D7-A878-46F0C9BD1ABB}.Release|x86.Build.0 = Release|x86
	EndGlobalSection
	GlobalSection(SolutionProperties) = preSolution
		HideSolutionNode = FALSE
	EndGlobalSection
	GlobalSection(NestedProjects) = preSolution
		{32609B25-5E15-4B60-887F-0A4B95455F2A} = {B4F98D0C-2EB6-40DB-9B3C-C721B53B7E17}
		{FD69B306-B8A7-4577-AB5E-3888E94D87F9} = {B4F98D0C-2EB6-40DB-9B3C-C721B53B7E17}
		{A96733AC-0307-43DD-AD5E-0F47DC917B46} = {B4F98D0C-2EB6-40DB-9B3C-C721B53B7E17}
		{0F454E97-B01B-4A02-84A4-8C53F7B185E7} = {B4F98D0C-2EB6-40DB-9B3C-C721B53B7E17}
		{4545DDDA-F936-4797-A77A-98F08169D3FC} = {B4F98D0C-2EB6-40DB-9B3C-C721B53B7E17}
		{9E50768A-CB28-4ACF-8961-295F82BDB5D4} = {B4F98D0C-2EB6-40DB-9B3C-C721B53B7E17}
		{8AC12413-BD4F-4C35-B61A-5E5894D33AFB} = {017F54F2-C79A-41F4-8F32-992EC67BBFA0}
		{1B676803-A9AF-4F49-8D67-483D701C9A6B} = {6261B863-0BE9-45F6-8992-FFC2469B689F}
		{4B1F615A-F1E0-4132-8E4B-542B7A453FE9} = {6261B863-0BE9-45F6-8992-FFC2469B689F}
		{68C437A3-289B-44C1-8081-12F27EE7651E} = {6261B863-0BE9-45F6-8992-FFC2469B689F}
		{A8BFD4A3-7D65-4DC3-B031-E3376176DC0C} = {6261B863-0BE9-45F6-8992-FFC2469B689F}
		{07563201-8BE8-49D9-B908-07A2B5960C62} = {6261B863-0BE9-45F6-8992-FFC2469B689F}
		{4BBBCB41-40E7-48DE-82C4-5CAF1CEF8CC3} = {6261B863-0BE9-45F6-8992-FFC2469B689F}
		{EB3C2E1A-B172-4306-9ED1-758254C45FE1} = {6261B863-0BE9-45F6-8992-FFC2469B689F}
		{ED11D950-5474-4BCF-A610-A85DB6D5E138} = {6261B863-0BE9-45F6-8992-FFC2469B689F}
		{F56AE8C1-F532-49B1-8A6C-BC78E718DA8A} = {6261B863-0BE9-45F6-8992-FFC2469B689F}
		{1BFB9518-1687-420E-A7F0-2B4B46BF8B99} = {6261B863-0BE9-45F6-8992-FFC2469B689F}
		{380D57C1-2AB3-497A-A47A-3DBBA034EF37} = {6261B863-0BE9-45F6-8992-FFC2469B689F}
		{AD148C73-EA1C-4D74-ACE5-D756C070C982} = {6261B863-0BE9-45F6-8992-FFC2469B689F}
		{F3472EE4-3CB8-4994-B146-D36F3F84FAF6} = {6261B863-0BE9-45F6-8992-FFC2469B689F}
		{D882D552-93AA-46D7-A878-46F0C9BD1ABB} = {6261B863-0BE9-45F6-8992-FFC2469B689F}
		{011FBAFC-7720-4D36-9C59-71BAE6163C9E} = {0869D6EC-2F2C-498C-8B58-AC280A7A4D48}
		{B838009E-BE0A-463F-A814-73EBF3663785} = {0869D6EC-2F2C-498C-8B58-AC280A7A4D48}
		{7A1BEAB5-1A69-48B6-B064-0F6F372AC23B} = {0869D6EC-2F2C-498C-8B58-AC280A7A4D48}
		{10884165-D492-4895-B3EF-32429F7A7F55} = {EC9DBA18-85FF-4B01-947F-11001EEDFBA6}
		{D7BFF8ED-065B-4A53-9805-595DFEA75A0A} = {EC9DBA18-85FF-4B01-947F-11001EEDFBA6}
		{53092D2E-8F37-4889-B6B7-B359E093E3F4} = {EC9DBA18-85FF-4B01-947F-11001EEDFBA6}
		{33093793-C4BA-4B89-AC82-6E9D00437452} = {EC9DBA18-85FF-4B01-947F-11001EEDFBA6}
		{73FB2A1D-2036-489D-B23A-B606BB70D4F2} = {455857F1-1A1E-436E-9CB9-DDCF3CD5A6D7}
		{53C844EC-189B-4803-8128-48ED9964ADA8} = {455857F1-1A1E-436E-9CB9-DDCF3CD5A6D7}
		{8BFDD80E-9E64-4386-B676-ED3CFDF1B095} = {38155C42-AA0B-483C-98FB-EE1F0FA9B293}
		{468ADEDE-6F5E-40C0-99C9-C6DAC4FAC934} = {38155C42-AA0B-483C-98FB-EE1F0FA9B293}
		{BE1ED569-5E0B-4DF0-8964-33AD2AAE4C4A} = {38155C42-AA0B-483C-98FB-EE1F0FA9B293}
		{27B67DFE-0BF1-4435-B036-E4C083EAEA03} = {38155C42-AA0B-483C-98FB-EE1F0FA9B293}
		{A0BFF0DB-ED9A-4639-AE86-8E709A1EFC66} = {38155C42-AA0B-483C-98FB-EE1F0FA9B293}
	EndGlobalSection
EndGlobal
